
Microsoft Visual Studio Solution File, Format Version 12.00
# Visual Studio Version 17
VisualStudioVersion = 17.3.32929.385
MinimumVisualStudioVersion = 10.0.40219.1
Project("{9A19103F-16F7-4668-BE54-9A1E7A4F7556}") = "FirefighterStats.Server", "FirefighterStats\Server\FirefighterStats.Server.csproj", "{29A6087E-6D45-44D1-84CD-50A99FD69E0F}"
EndProject
Project("{9A19103F-16F7-4668-BE54-9A1E7A4F7556}") = "FirefighterStats.Shared", "FirefighterStats\Shared\FirefighterStats.Shared.csproj", "{81682248-0202-4FD4-BFEC-E39ED3139D51}"
EndProject
Project("{9A19103F-16F7-4668-BE54-9A1E7A4F7556}") = "FirefighterStats.UnitTest", "FirefighterStats\UnitTest\FirefighterStats.UnitTest.csproj", "{F67DE311-D5CF-467F-8F24-CA8EB5F1D441}"
EndProject
Global
	GlobalSection(SolutionConfigurationPlatforms) = preSolution
		Debug|Any CPU = Debug|Any CPU
		Release|Any CPU = Release|Any CPU
	EndGlobalSection
	GlobalSection(ProjectConfigurationPlatforms) = postSolution
		{29A6087E-6D45-44D1-84CD-50A99FD69E0F}.Debug|Any CPU.ActiveCfg = Debug|Any CPU
		{29A6087E-6D45-44D1-84CD-50A99FD69E0F}.Debug|Any CPU.Build.0 = Debug|Any CPU
		{29A6087E-6D45-44D1-84CD-50A99FD69E0F}.Release|Any CPU.ActiveCfg = Release|Any CPU
		{29A6087E-6D45-44D1-84CD-50A99FD69E0F}.Release|Any CPU.Build.0 = Release|Any CPU
		{81682248-0202-4FD4-BFEC-E39ED3139D51}.Debug|Any CPU.ActiveCfg = Debug|Any CPU
		{81682248-0202-4FD4-BFEC-E39ED3139D51}.Debug|Any CPU.Build.0 = Debug|Any CPU
		{81682248-0202-4FD4-BFEC-E39ED3139D51}.Release|Any CPU.ActiveCfg = Release|Any CPU
		{81682248-0202-4FD4-BFEC-E39ED3139D51}.Release|Any CPU.Build.0 = Release|Any CPU
		{F67DE311-D5CF-467F-8F24-CA8EB5F1D441}.Debug|Any CPU.ActiveCfg = Debug|Any CPU
		{F67DE311-D5CF-467F-8F24-CA8EB5F1D441}.Debug|Any CPU.Build.0 = Debug|Any CPU
		{F67DE311-D5CF-467F-8F24-CA8EB5F1D441}.Release|Any CPU.ActiveCfg = Release|Any CPU
		{F67DE311-D5CF-467F-8F24-CA8EB5F1D441}.Release|Any CPU.Build.0 = Release|Any CPU
	EndGlobalSection
	GlobalSection(SolutionProperties) = preSolution
		HideSolutionNode = FALSE
	EndGlobalSection
	GlobalSection(ExtensibilityGlobals) = postSolution
		SolutionGuid = {FA42E8FB-FEDA-46C7-B76E-9DFC8CB3A095}
	EndGlobalSection
EndGlobal
